
Microsoft Visual Studio Solution File, Format Version 12.00
# Visual Studio Version 16
VisualStudioVersion = 16.0.30309.148
MinimumVisualStudioVersion = 10.0.40219.1
Project("{8BC9CEB8-8B4A-11D0-8D11-00A0C91BC942}") = "HS_Resizer", "HS_Resizer\HS_Resizer.vcxproj", "{3CDCA552-8046-4056-A9C9-698868BE375D}"
EndProject
Global
	GlobalSection(SolutionConfigurationPlatforms) = preSolution
		Debug|x64 = Debug|x64
		Debug|x86 = Debug|x86
		Release|x64 = Release|x64
		Release|x86 = Release|x86
	EndGlobalSection
	GlobalSection(ProjectConfigurationPlatforms) = postSolution
		{3CDCA552-8046-4056-A9C9-698868BE375D}.Debug|x64.ActiveCfg = Debug|x64
		{3CDCA552-8046-4056-A9C9-698868BE375D}.Debug|x64.Build.0 = Debug|x64
		{3CDCA552-8046-4056-A9C9-698868BE375D}.Debug|x86.ActiveCfg = Debug|Win32
		{3CDCA552-8046-4056-A9C9-698868BE375D}.Debug|x86.Build.0 = Debug|Win32
		{3CDCA552-8046-4056-A9C9-698868BE375D}.Release|x64.ActiveCfg = Release|x64
		{3CDCA552-8046-4056-A9C9-698868BE375D}.Release|x64.Build.0 = Release|x64
		{3CDCA552-8046-4056-A9C9-698868BE375D}.Release|x86.ActiveCfg = Release|Win32
		{3CDCA552-8046-4056-A9C9-698868BE375D}.Release|x86.Build.0 = Release|Win32
	EndGlobalSection
	GlobalSection(SolutionProperties) = preSolution
		HideSolutionNode = FALSE
	EndGlobalSection
	GlobalSection(ExtensibilityGlobals) = postSolution
		SolutionGuid = {A636EDF2-5840-4227-B52B-A1B002B6AE4F}
	EndGlobalSection
EndGlobal
